
Microsoft Visual Studio Solution File, Format Version 12.00
# Visual Studio Version 16
VisualStudioVersion = 16.0.30406.217
MinimumVisualStudioVersion = 10.0.40219.1
Project("{FAE04EC0-301F-11D3-BF4B-00C04F79EFBC}") = "doan_qlDuan_CNTT", "doan_qlDuan_CNTT\doan_qlDuan_CNTT.csproj", "{7DA3899B-CE07-4DCE-B60C-A1565C0E3023}"
EndProject
Global
	GlobalSection(SolutionConfigurationPlatforms) = preSolution
		Debug|Any CPU = Debug|Any CPU
		Release|Any CPU = Release|Any CPU
	EndGlobalSection
	GlobalSection(ProjectConfigurationPlatforms) = postSolution
		{7DA3899B-CE07-4DCE-B60C-A1565C0E3023}.Debug|Any CPU.ActiveCfg = Debug|Any CPU
		{7DA3899B-CE07-4DCE-B60C-A1565C0E3023}.Debug|Any CPU.Build.0 = Debug|Any CPU
		{7DA3899B-CE07-4DCE-B60C-A1565C0E3023}.Release|Any CPU.ActiveCfg = Release|Any CPU
		{7DA3899B-CE07-4DCE-B60C-A1565C0E3023}.Release|Any CPU.Build.0 = Release|Any CPU
	EndGlobalSection
	GlobalSection(SolutionProperties) = preSolution
		HideSolutionNode = FALSE
	EndGlobalSection
	GlobalSection(ExtensibilityGlobals) = postSolution
		SolutionGuid = {EE2FCFF4-EBA5-4FEC-AC4C-9B7D84968347}
	EndGlobalSection
EndGlobal
